
Microsoft Visual Studio Solution File, Format Version 12.00
# Visual Studio Version 16
VisualStudioVersion = 16.0.34301.259
MinimumVisualStudioVersion = 10.0.40219.1
Project("{FAE04EC0-301F-11D3-BF4B-00C04F79EFBC}") = "WebApplication1", "WebApplication1\WebApplication1.csproj", "{859E8F47-47D5-409D-929D-CF8D4E00C59C}"
EndProject
Global
	GlobalSection(SolutionConfigurationPlatforms) = preSolution
		Debug|Any CPU = Debug|Any CPU
		Release|Any CPU = Release|Any CPU
	EndGlobalSection
	GlobalSection(ProjectConfigurationPlatforms) = postSolution
		{859E8F47-47D5-409D-929D-CF8D4E00C59C}.Debug|Any CPU.ActiveCfg = Debug|Any CPU
		{859E8F47-47D5-409D-929D-CF8D4E00C59C}.Debug|Any CPU.Build.0 = Debug|Any CPU
		{859E8F47-47D5-409D-929D-CF8D4E00C59C}.Release|Any CPU.ActiveCfg = Release|Any CPU
		{859E8F47-47D5-409D-929D-CF8D4E00C59C}.Release|Any CPU.Build.0 = Release|Any CPU
	EndGlobalSection
	GlobalSection(SolutionProperties) = preSolution
		HideSolutionNode = FALSE
	EndGlobalSection
	GlobalSection(ExtensibilityGlobals) = postSolution
		SolutionGuid = {ADE8F1C2-ED80-4B01-A435-1886B6C632F1}
	EndGlobalSection
EndGlobal
